[[package]]
name = "cefpython3"
version = "66.0"
description = "GUI toolkit for embedding a Chromium widget in desktop applications"
category = "main"
optional = false
python-versions = "*"

[metadata]
lock-version = "1.1"
python-versions = "^3.8"
content-hash = "aa810af0410e83f3433f2f2f10cc803f58fcce0ff6ec43c6ceb56c869bddae82"

[metadata.files]
cefpython3 = [
    {file = "cefpython3-66.0-py2.py3-none-macosx_10_6_intel.macosx_10_9_intel.macosx_10_9_x86_64.macosx_10_10_intel.macosx_10_10_x86_64.whl", hash = "sha256:b0a23d5a04605e817c1b9f2135c6702f015e748f55b9ad47f7314232b31e12e2"},
    {file = "cefpython3-66.0-py2.py3-none-manylinux1_i686.whl", hash = "sha256:b643f94d4fcf88bcea49a205ea9ff3f206b1422d5e0ce9fa5b193971c5a0e52b"},
    {file = "cefpython3-66.0-py2.py3-none-manylinux1_x86_64.whl", hash = "sha256:9b8018c3b5aee260c755e0e0691be04f60ed10389e7eeea44f40ba9a3b0b410e"},
    {file = "cefpython3-66.0-py2.py3-none-win32.whl", hash = "sha256:3ff46d8a1aadc1498e60eb451c4ec943aa0f66574617556cc977ed918abab76d"},
    {file = "cefpython3-66.0-py2.py3-none-win_amd64.whl", hash = "sha256:8e3b5491b6bffa000af56339db00d478912dc73bdb3714ed9cd3352ca6d1fbc4"},
]
